
Microsoft Visual Studio Solution File, Format Version 12.00
# Visual Studio Version 16
VisualStudioVersion = 16.0.29709.97
MinimumVisualStudioVersion = 10.0.40219.1
Project("{2150E333-8FDC-42A3-9474-1A3956D46DE8}") = "libs", "libs", "{0B8F6D0C-C591-4A89-B180-0B3E0D0F6EFE}"
EndProject
Project("{9A19103F-16F7-4668-BE54-9A1E7A4F7556}") = "Ceras", "libs\Ceras\src\Ceras\Ceras.csproj", "{0392BE29-6165-4171-9EFB-EA0141E368A9}"
EndProject
Project("{9A19103F-16F7-4668-BE54-9A1E7A4F7556}") = "Ceras.ImmutableCollections", "libs\Ceras\src\Ceras.ImmutableCollections\Ceras.ImmutableCollections.csproj", "{CD8540FD-9141-4936-9D54-E6B3BD53AA3E}"
EndProject
Project("{2150E333-8FDC-42A3-9474-1A3956D46DE8}") = "Serialization", "Serialization", "{8F82FD90-08EC-4596-AF0D-F1E6D2606E56}"
EndProject
Project("{2150E333-8FDC-42A3-9474-1A3956D46DE8}") = "CodeGen.Roslyn", "CodeGen.Roslyn", "{59322588-7314-498E-94F4-8E5931D1650F}"
EndProject
Project("{9A19103F-16F7-4668-BE54-9A1E7A4F7556}") = "CodeGeneration.Roslyn", "libs\CodeGeneration.Roslyn\src\CodeGeneration.Roslyn\CodeGeneration.Roslyn.csproj", "{57C076DF-5512-4EF4-AC99-DF6CFF1C3DA8}"
EndProject
Project("{9A19103F-16F7-4668-BE54-9A1E7A4F7556}") = "CodeGeneration.Roslyn.Attributes", "libs\CodeGeneration.Roslyn\src\CodeGeneration.Roslyn.Attributes\CodeGeneration.Roslyn.Attributes.csproj", "{91A7814D-5EC0-4E97-BBAF-4A98F2D95DD0}"
EndProject
Project("{9A19103F-16F7-4668-BE54-9A1E7A4F7556}") = "CodeGeneration.Roslyn.Engine", "libs\CodeGeneration.Roslyn\src\CodeGeneration.Roslyn.Engine\CodeGeneration.Roslyn.Engine.csproj", "{930A5C73-7B67-40F1-985F-364750153674}"
EndProject
Project("{9A19103F-16F7-4668-BE54-9A1E7A4F7556}") = "CodeGeneration.Roslyn.Tasks", "libs\CodeGeneration.Roslyn\src\CodeGeneration.Roslyn.Tasks\CodeGeneration.Roslyn.Tasks.csproj", "{5B1C14AB-64FE-4DA1-B0D6-2BF2FFFBBC9C}"
EndProject
Project("{9A19103F-16F7-4668-BE54-9A1E7A4F7556}") = "CodeGeneration.Roslyn.Tool", "libs\CodeGeneration.Roslyn\src\CodeGeneration.Roslyn.Tool\CodeGeneration.Roslyn.Tool.csproj", "{EEEBA2B1-C2BB-4D4F-88A5-2F3E442D2553}"
EndProject
Project("{2150E333-8FDC-42A3-9474-1A3956D46DE8}") = "Math", "Math", "{12BEFF08-9EE0-4ECA-8CAC-927931AB95AD}"
EndProject
Project("{9A19103F-16F7-4668-BE54-9A1E7A4F7556}") = "geometry3Sharp_netstandard", "libs\geometry3Sharp\geometry3Sharp_netstandard.csproj", "{B824B7B3-85A9-436F-A7FB-1B60A22080F1}"
EndProject
Project("{9A19103F-16F7-4668-BE54-9A1E7A4F7556}") = "MathSharp", "libs\MathSharp\sources\MathSharp\MathSharp.csproj", "{2A376DFE-E83B-4F92-B247-2172AFA8FFF9}"
EndProject
Project("{2150E333-8FDC-42A3-9474-1A3956D46DE8}") = "Distributed", "Distributed", "{460349BA-279A-49D9-83C9-82065A7FBCC4}"
EndProject
Project("{2150E333-8FDC-42A3-9474-1A3956D46DE8}") = "General", "General", "{BACDF9DD-64F1-4F5A-8A3B-6DCE51475E06}"
EndProject
Project("{9A19103F-16F7-4668-BE54-9A1E7A4F7556}") = "SharpLib", "libs\SharpLib\SharpLib.csproj", "{D4E36228-C866-43A5-8BD0-5C916752F5A3}"
EndProject
Project("{2150E333-8FDC-42A3-9474-1A3956D46DE8}") = "Graphics", "Graphics", "{184E88D7-5F51-49C4-9985-BB38882A3DB6}"
EndProject
Project("{9A19103F-16F7-4668-BE54-9A1E7A4F7556}") = "NetCore", "libs\NetCore\NetCore.csproj", "{91A743E0-5AAD-4246-B08A-ACC33A841C47}"
EndProject
Project("{9A19103F-16F7-4668-BE54-9A1E7A4F7556}") = "GenNet", "libs\GenNet\GenNet.csproj", "{961505BB-956F-4C2B-A831-198566C0D82C}"
EndProject
Project("{9A19103F-16F7-4668-BE54-9A1E7A4F7556}") = "GenCore", "libs\GenCore\GenCore.csproj", "{8A5BC28F-8D43-4AE6-B586-E2E915ED6E53}"
EndProject
Project("{2150E333-8FDC-42A3-9474-1A3956D46DE8}") = "apps", "apps", "{2697BB2B-D343-4849-9A51-30E78859BC20}"
EndProject
Project("{FAE04EC0-301F-11D3-BF4B-00C04F79EFBC}") = "ServerTest", "apps\test\ServerTest\ServerTest.csproj", "{5B222D1D-BB58-4CCC-898F-6BFC4F3DD8EE}"
EndProject
Global
	GlobalSection(SolutionConfigurationPlatforms) = preSolution
		Debug|Any CPU = Debug|Any CPU
		Debug|x64 = Debug|x64
		Release|Any CPU = Release|Any CPU
		Release|x64 = Release|x64
	EndGlobalSection
	GlobalSection(ProjectConfigurationPlatforms) = postSolution
		{0392BE29-6165-4171-9EFB-EA0141E368A9}.Debug|Any CPU.ActiveCfg = Debug|Any CPU
		{0392BE29-6165-4171-9EFB-EA0141E368A9}.Debug|Any CPU.Build.0 = Debug|Any CPU
		{0392BE29-6165-4171-9EFB-EA0141E368A9}.Debug|x64.ActiveCfg = Debug|Any CPU
		{0392BE29-6165-4171-9EFB-EA0141E368A9}.Debug|x64.Build.0 = Debug|Any CPU
		{0392BE29-6165-4171-9EFB-EA0141E368A9}.Release|Any CPU.ActiveCfg = Release|Any CPU
		{0392BE29-6165-4171-9EFB-EA0141E368A9}.Release|Any CPU.Build.0 = Release|Any CPU
		{0392BE29-6165-4171-9EFB-EA0141E368A9}.Release|x64.ActiveCfg = Release|Any CPU
		{0392BE29-6165-4171-9EFB-EA0141E368A9}.Release|x64.Build.0 = Release|Any CPU
		{CD8540FD-9141-4936-9D54-E6B3BD53AA3E}.Debug|Any CPU.ActiveCfg = Debug|Any CPU
		{CD8540FD-9141-4936-9D54-E6B3BD53AA3E}.Debug|Any CPU.Build.0 = Debug|Any CPU
		{CD8540FD-9141-4936-9D54-E6B3BD53AA3E}.Debug|x64.ActiveCfg = Debug|Any CPU
		{CD8540FD-9141-4936-9D54-E6B3BD53AA3E}.Debug|x64.Build.0 = Debug|Any CPU
		{CD8540FD-9141-4936-9D54-E6B3BD53AA3E}.Release|Any CPU.ActiveCfg = Release|Any CPU
		{CD8540FD-9141-4936-9D54-E6B3BD53AA3E}.Release|Any CPU.Build.0 = Release|Any CPU
		{CD8540FD-9141-4936-9D54-E6B3BD53AA3E}.Release|x64.ActiveCfg = Release|Any CPU
		{CD8540FD-9141-4936-9D54-E6B3BD53AA3E}.Release|x64.Build.0 = Release|Any CPU
		{57C076DF-5512-4EF4-AC99-DF6CFF1C3DA8}.Debug|Any CPU.ActiveCfg = Debug|Any CPU
		{57C076DF-5512-4EF4-AC99-DF6CFF1C3DA8}.Debug|Any CPU.Build.0 = Debug|Any CPU
		{57C076DF-5512-4EF4-AC99-DF6CFF1C3DA8}.Debug|x64.ActiveCfg = Debug|x64
		{57C076DF-5512-4EF4-AC99-DF6CFF1C3DA8}.Debug|x64.Build.0 = Debug|x64
		{57C076DF-5512-4EF4-AC99-DF6CFF1C3DA8}.Release|Any CPU.ActiveCfg = Release|Any CPU
		{57C076DF-5512-4EF4-AC99-DF6CFF1C3DA8}.Release|Any CPU.Build.0 = Release|Any CPU
		{57C076DF-5512-4EF4-AC99-DF6CFF1C3DA8}.Release|x64.ActiveCfg = Release|x64
		{57C076DF-5512-4EF4-AC99-DF6CFF1C3DA8}.Release|x64.Build.0 = Release|x64
		{91A7814D-5EC0-4E97-BBAF-4A98F2D95DD0}.Debug|Any CPU.ActiveCfg = Debug|Any CPU
		{91A7814D-5EC0-4E97-BBAF-4A98F2D95DD0}.Debug|Any CPU.Build.0 = Debug|Any CPU
		{91A7814D-5EC0-4E97-BBAF-4A98F2D95DD0}.Debug|x64.ActiveCfg = Debug|x64
		{91A7814D-5EC0-4E97-BBAF-4A98F2D95DD0}.Debug|x64.Build.0 = Debug|x64
		{91A7814D-5EC0-4E97-BBAF-4A98F2D95DD0}.Release|Any CPU.ActiveCfg = Release|Any CPU
		{91A7814D-5EC0-4E97-BBAF-4A98F2D95DD0}.Release|Any CPU.Build.0 = Release|Any CPU
		{91A7814D-5EC0-4E97-BBAF-4A98F2D95DD0}.Release|x64.ActiveCfg = Release|x64
		{91A7814D-5EC0-4E97-BBAF-4A98F2D95DD0}.Release|x64.Build.0 = Release|x64
		{930A5C73-7B67-40F1-985F-364750153674}.Debug|Any CPU.ActiveCfg = Debug|Any CPU
		{930A5C73-7B67-40F1-985F-364750153674}.Debug|Any CPU.Build.0 = Debug|Any CPU
		{930A5C73-7B67-40F1-985F-364750153674}.Debug|x64.ActiveCfg = Debug|x64
		{930A5C73-7B67-40F1-985F-364750153674}.Debug|x64.Build.0 = Debug|x64
		{930A5C73-7B67-40F1-985F-364750153674}.Release|Any CPU.ActiveCfg = Release|Any CPU
		{930A5C73-7B67-40F1-985F-364750153674}.Release|Any CPU.Build.0 = Release|Any CPU
		{930A5C73-7B67-40F1-985F-364750153674}.Release|x64.ActiveCfg = Release|x64
		{930A5C73-7B67-40F1-985F-364750153674}.Release|x64.Build.0 = Release|x64
		{5B1C14AB-64FE-4DA1-B0D6-2BF2FFFBBC9C}.Debug|Any CPU.ActiveCfg = Debug|Any CPU
		{5B1C14AB-64FE-4DA1-B0D6-2BF2FFFBBC9C}.Debug|Any CPU.Build.0 = Debug|Any CPU
		{5B1C14AB-64FE-4DA1-B0D6-2BF2FFFBBC9C}.Debug|x64.ActiveCfg = Debug|x64
		{5B1C14AB-64FE-4DA1-B0D6-2BF2FFFBBC9C}.Debug|x64.Build.0 = Debug|x64
		{5B1C14AB-64FE-4DA1-B0D6-2BF2FFFBBC9C}.Release|Any CPU.ActiveCfg = Release|Any CPU
		{5B1C14AB-64FE-4DA1-B0D6-2BF2FFFBBC9C}.Release|Any CPU.Build.0 = Release|Any CPU
		{5B1C14AB-64FE-4DA1-B0D6-2BF2FFFBBC9C}.Release|x64.ActiveCfg = Release|x64
		{5B1C14AB-64FE-4DA1-B0D6-2BF2FFFBBC9C}.Release|x64.Build.0 = Release|x64
		{EEEBA2B1-C2BB-4D4F-88A5-2F3E442D2553}.Debug|Any CPU.ActiveCfg = Debug|Any CPU
		{EEEBA2B1-C2BB-4D4F-88A5-2F3E442D2553}.Debug|Any CPU.Build.0 = Debug|Any CPU
		{EEEBA2B1-C2BB-4D4F-88A5-2F3E442D2553}.Debug|x64.ActiveCfg = Debug|x64
		{EEEBA2B1-C2BB-4D4F-88A5-2F3E442D2553}.Debug|x64.Build.0 = Debug|x64
		{EEEBA2B1-C2BB-4D4F-88A5-2F3E442D2553}.Release|Any CPU.ActiveCfg = Release|Any CPU
		{EEEBA2B1-C2BB-4D4F-88A5-2F3E442D2553}.Release|Any CPU.Build.0 = Release|Any CPU
		{EEEBA2B1-C2BB-4D4F-88A5-2F3E442D2553}.Release|x64.ActiveCfg = Release|x64
		{EEEBA2B1-C2BB-4D4F-88A5-2F3E442D2553}.Release|x64.Build.0 = Release|x64
		{B824B7B3-85A9-436F-A7FB-1B60A22080F1}.Debug|Any CPU.ActiveCfg = Debug|Any CPU
		{B824B7B3-85A9-436F-A7FB-1B60A22080F1}.Debug|Any CPU.Build.0 = Debug|Any CPU
		{B824B7B3-85A9-436F-A7FB-1B60A22080F1}.Debug|x64.ActiveCfg = Debug|Any CPU
		{B824B7B3-85A9-436F-A7FB-1B60A22080F1}.Debug|x64.Build.0 = Debug|Any CPU
		{B824B7B3-85A9-436F-A7FB-1B60A22080F1}.Release|Any CPU.ActiveCfg = Release|Any CPU
		{B824B7B3-85A9-436F-A7FB-1B60A22080F1}.Release|Any CPU.Build.0 = Release|Any CPU
		{B824B7B3-85A9-436F-A7FB-1B60A22080F1}.Release|x64.ActiveCfg = Release|Any CPU
		{B824B7B3-85A9-436F-A7FB-1B60A22080F1}.Release|x64.Build.0 = Release|Any CPU
		{2A376DFE-E83B-4F92-B247-2172AFA8FFF9}.Debug|Any CPU.ActiveCfg = Debug|Any CPU
		{2A376DFE-E83B-4F92-B247-2172AFA8FFF9}.Debug|Any CPU.Build.0 = Debug|Any CPU
		{2A376DFE-E83B-4F92-B247-2172AFA8FFF9}.Debug|x64.ActiveCfg = Debug|Any CPU
		{2A376DFE-E83B-4F92-B247-2172AFA8FFF9}.Debug|x64.Build.0 = Debug|Any CPU
		{2A376DFE-E83B-4F92-B247-2172AFA8FFF9}.Release|Any CPU.ActiveCfg = Release|Any CPU
		{2A376DFE-E83B-4F92-B247-2172AFA8FFF9}.Release|Any CPU.Build.0 = Release|Any CPU
		{2A376DFE-E83B-4F92-B247-2172AFA8FFF9}.Release|x64.ActiveCfg = Release|Any CPU
		{2A376DFE-E83B-4F92-B247-2172AFA8FFF9}.Release|x64.Build.0 = Release|Any CPU
		{D4E36228-C866-43A5-8BD0-5C916752F5A3}.Debug|Any CPU.ActiveCfg = Debug|Any CPU
		{D4E36228-C866-43A5-8BD0-5C916752F5A3}.Debug|Any CPU.Build.0 = Debug|Any CPU
		{D4E36228-C866-43A5-8BD0-5C916752F5A3}.Debug|x64.ActiveCfg = Debug|x64
		{D4E36228-C866-43A5-8BD0-5C916752F5A3}.Debug|x64.Build.0 = Debug|x64
		{D4E36228-C866-43A5-8BD0-5C916752F5A3}.Release|Any CPU.ActiveCfg = Release|Any CPU
		{D4E36228-C866-43A5-8BD0-5C916752F5A3}.Release|Any CPU.Build.0 = Release|Any CPU
		{D4E36228-C866-43A5-8BD0-5C916752F5A3}.Release|x64.ActiveCfg = Release|x64
		{D4E36228-C866-43A5-8BD0-5C916752F5A3}.Release|x64.Build.0 = Release|x64
		{91A743E0-5AAD-4246-B08A-ACC33A841C47}.Debug|Any CPU.ActiveCfg = Debug|Any CPU
		{91A743E0-5AAD-4246-B08A-ACC33A841C47}.Debug|Any CPU.Build.0 = Debug|Any CPU
		{91A743E0-5AAD-4246-B08A-ACC33A841C47}.Debug|x64.ActiveCfg = Debug|x64
		{91A743E0-5AAD-4246-B08A-ACC33A841C47}.Debug|x64.Build.0 = Debug|x64
		{91A743E0-5AAD-4246-B08A-ACC33A841C47}.Release|Any CPU.ActiveCfg = Release|Any CPU
		{91A743E0-5AAD-4246-B08A-ACC33A841C47}.Release|Any CPU.Build.0 = Release|Any CPU
		{91A743E0-5AAD-4246-B08A-ACC33A841C47}.Release|x64.ActiveCfg = Release|x64
		{91A743E0-5AAD-4246-B08A-ACC33A841C47}.Release|x64.Build.0 = Release|x64
		{961505BB-956F-4C2B-A831-198566C0D82C}.Debug|Any CPU.ActiveCfg = Debug|Any CPU
		{961505BB-956F-4C2B-A831-198566C0D82C}.Debug|Any CPU.Build.0 = Debug|Any CPU
		{961505BB-956F-4C2B-A831-198566C0D82C}.Debug|x64.ActiveCfg = Debug|x64
		{961505BB-956F-4C2B-A831-198566C0D82C}.Debug|x64.Build.0 = Debug|x64
		{961505BB-956F-4C2B-A831-198566C0D82C}.Release|Any CPU.ActiveCfg = Release|Any CPU
		{961505BB-956F-4C2B-A831-198566C0D82C}.Release|Any CPU.Build.0 = Release|Any CPU
		{961505BB-956F-4C2B-A831-198566C0D82C}.Release|x64.ActiveCfg = Release|x64
		{961505BB-956F-4C2B-A831-198566C0D82C}.Release|x64.Build.0 = Release|x64
		{8A5BC28F-8D43-4AE6-B586-E2E915ED6E53}.Debug|Any CPU.ActiveCfg = Debug|Any CPU
		{8A5BC28F-8D43-4AE6-B586-E2E915ED6E53}.Debug|Any CPU.Build.0 = Debug|Any CPU
		{8A5BC28F-8D43-4AE6-B586-E2E915ED6E53}.Debug|x64.ActiveCfg = Debug|x64
		{8A5BC28F-8D43-4AE6-B586-E2E915ED6E53}.Debug|x64.Build.0 = Debug|x64
		{8A5BC28F-8D43-4AE6-B586-E2E915ED6E53}.Release|Any CPU.ActiveCfg = Release|Any CPU
		{8A5BC28F-8D43-4AE6-B586-E2E915ED6E53}.Release|Any CPU.Build.0 = Release|Any CPU
		{8A5BC28F-8D43-4AE6-B586-E2E915ED6E53}.Release|x64.ActiveCfg = Release|x64
		{8A5BC28F-8D43-4AE6-B586-E2E915ED6E53}.Release|x64.Build.0 = Release|x64
		{5B222D1D-BB58-4CCC-898F-6BFC4F3DD8EE}.Debug|Any CPU.ActiveCfg = Debug|Any CPU
		{5B222D1D-BB58-4CCC-898F-6BFC4F3DD8EE}.Debug|Any CPU.Build.0 = Debug|Any CPU
		{5B222D1D-BB58-4CCC-898F-6BFC4F3DD8EE}.Debug|x64.ActiveCfg = Debug|Any CPU
		{5B222D1D-BB58-4CCC-898F-6BFC4F3DD8EE}.Debug|x64.Build.0 = Debug|Any CPU
		{5B222D1D-BB58-4CCC-898F-6BFC4F3DD8EE}.Release|Any CPU.ActiveCfg = Release|Any CPU
		{5B222D1D-BB58-4CCC-898F-6BFC4F3DD8EE}.Release|Any CPU.Build.0 = Release|Any CPU
		{5B222D1D-BB58-4CCC-898F-6BFC4F3DD8EE}.Release|x64.ActiveCfg = Release|Any CPU
		{5B222D1D-BB58-4CCC-898F-6BFC4F3DD8EE}.Release|x64.Build.0 = Release|Any CPU
	EndGlobalSection
	GlobalSection(SolutionProperties) = preSolution
		HideSolutionNode = FALSE
	EndGlobalSection
	GlobalSection(NestedProjects) = preSolution
		{0392BE29-6165-4171-9EFB-EA0141E368A9} = {8F82FD90-08EC-4596-AF0D-F1E6D2606E56}
		{CD8540FD-9141-4936-9D54-E6B3BD53AA3E} = {8F82FD90-08EC-4596-AF0D-F1E6D2606E56}
		{8F82FD90-08EC-4596-AF0D-F1E6D2606E56} = {0B8F6D0C-C591-4A89-B180-0B3E0D0F6EFE}
		{59322588-7314-498E-94F4-8E5931D1650F} = {0B8F6D0C-C591-4A89-B180-0B3E0D0F6EFE}
		{57C076DF-5512-4EF4-AC99-DF6CFF1C3DA8} = {59322588-7314-498E-94F4-8E5931D1650F}
		{91A7814D-5EC0-4E97-BBAF-4A98F2D95DD0} = {59322588-7314-498E-94F4-8E5931D1650F}
		{930A5C73-7B67-40F1-985F-364750153674} = {59322588-7314-498E-94F4-8E5931D1650F}
		{5B1C14AB-64FE-4DA1-B0D6-2BF2FFFBBC9C} = {59322588-7314-498E-94F4-8E5931D1650F}
		{EEEBA2B1-C2BB-4D4F-88A5-2F3E442D2553} = {59322588-7314-498E-94F4-8E5931D1650F}
		{12BEFF08-9EE0-4ECA-8CAC-927931AB95AD} = {0B8F6D0C-C591-4A89-B180-0B3E0D0F6EFE}
		{B824B7B3-85A9-436F-A7FB-1B60A22080F1} = {12BEFF08-9EE0-4ECA-8CAC-927931AB95AD}
		{2A376DFE-E83B-4F92-B247-2172AFA8FFF9} = {12BEFF08-9EE0-4ECA-8CAC-927931AB95AD}
		{460349BA-279A-49D9-83C9-82065A7FBCC4} = {0B8F6D0C-C591-4A89-B180-0B3E0D0F6EFE}
		{BACDF9DD-64F1-4F5A-8A3B-6DCE51475E06} = {0B8F6D0C-C591-4A89-B180-0B3E0D0F6EFE}
		{D4E36228-C866-43A5-8BD0-5C916752F5A3} = {BACDF9DD-64F1-4F5A-8A3B-6DCE51475E06}
		{184E88D7-5F51-49C4-9985-BB38882A3DB6} = {0B8F6D0C-C591-4A89-B180-0B3E0D0F6EFE}
		{91A743E0-5AAD-4246-B08A-ACC33A841C47} = {460349BA-279A-49D9-83C9-82065A7FBCC4}
		{961505BB-956F-4C2B-A831-198566C0D82C} = {460349BA-279A-49D9-83C9-82065A7FBCC4}
		{8A5BC28F-8D43-4AE6-B586-E2E915ED6E53} = {BACDF9DD-64F1-4F5A-8A3B-6DCE51475E06}
		{5B222D1D-BB58-4CCC-898F-6BFC4F3DD8EE} = {2697BB2B-D343-4849-9A51-30E78859BC20}
	EndGlobalSection
	GlobalSection(ExtensibilityGlobals) = postSolution
		SolutionGuid = {D2031B70-B592-45AF-B6CA-F69EC0F365A1}
	EndGlobalSection
EndGlobal
